{
    "_meta": {
        "hash": {
            "sha256": "05398baec28b9f8f65d83abe9343f69097a788f786db05bcf8fc8f6a527ab39a"
        },
        "pipfile-spec": 6,
        "requires": {
            "python_version": "3.8"
        },
        "sources": [
            {
                "name": "pypi",
                "url": "https://pypi.org/simple",
                "verify_ssl": true
            }
        ]
    },
    "default": {
        "gfmdiagrams": {
            "editable": true,
            "path": "."
        },
        "marko": {
            "hashes": [
                "sha256:bea611bc603d516221ec86e2a249fd2bb354416db367dbd85d8bd0cfc0b93a33",
                "sha256:e021d9c373373fb1a2e2add38019114b8d96c4f14ea0a21a07427fbd11fd3c17"
            ],
            "index": "pypi",
            "version": "==0.10.0"
        },
        "mypackagename": {
            "editable": true,
            "path": "."
        }
    },
    "develop": {}
}
