{
    "_meta": {
        "hash": {
            "sha256": "4ba7565eba00db616eda477010b29b1f24a7593013f7daabd7bc1fd7e41a41b9"
        },
        "pipfile-spec": 6,
        "requires": {
            "python_version": "3.8"
        },
        "sources": [
            {
                "name": "pypi",
                "url": "https://pypi.org/simple",
                "verify_ssl": true
            }
        ]
    },
    "default": {
        "gfmdiagrams": {
            "editable": true,
            "path": "."
        },
        "marko": {
            "hashes": [
                "sha256:bea611bc603d516221ec86e2a249fd2bb354416db367dbd85d8bd0cfc0b93a33",
                "sha256:e021d9c373373fb1a2e2add38019114b8d96c4f14ea0a21a07427fbd11fd3c17"
            ],
            "index": "pypi",
            "version": "==0.10.0"
        },
        "mypackagename": {
            "editable": true,
            "path": "."
        },
        "watchdog": {
            "hashes": [
                "sha256:016b01495b9c55b5d4126ed8ae75d93ea0d99377084107c33162df52887cee18",
                "sha256:101532b8db506559e52a9b5d75a308729b3f68264d930670e6155c976d0e52a0",
                "sha256:27d9b4666938d5d40afdcdf2c751781e9ce36320788b70208d0f87f7401caf93",
                "sha256:2f1ade0d0802503fda4340374d333408831cff23da66d7e711e279ba50fe6c4a",
                "sha256:376cbc2a35c0392b0fe7ff16fbc1b303fd99d4dd9911ab5581ee9d69adc88982",
                "sha256:57f05e55aa603c3b053eed7e679f0a83873c540255b88d58c6223c7493833bac",
                "sha256:5f1f3b65142175366ba94c64d8d4c8f4015825e0beaacee1c301823266b47b9b",
                "sha256:602dbd9498592eacc42e0632c19781c3df1728ef9cbab555fab6778effc29eeb",
                "sha256:68744de2003a5ea2dfbb104f9a74192cf381334a9e2c0ed2bbe1581828d50b61",
                "sha256:85e6574395aa6c1e14e0f030d9d7f35c2340a6cf95d5671354ce876ac3ffdd4d",
                "sha256:b1d723852ce90a14abf0ec0ca9e80689d9509ee4c9ee27163118d87b564a12ac",
                "sha256:d948ad9ab9aba705f9836625b32e965b9ae607284811cd98334423f659ea537a",
                "sha256:e2a531e71be7b5cc3499ae2d1494d51b6a26684bcc7c3146f63c810c00e8a3cc",
                "sha256:e7c73edef48f4ceeebb987317a67e0080e5c9228601ff67b3c4062fa020403c7",
                "sha256:ee21aeebe6b3e51e4ba64564c94cee8dbe7438b9cb60f0bb350c4fa70d1b52c2",
                "sha256:f1d0e878fd69129d0d68b87cee5d9543f20d8018e82998efb79f7e412d42154a",
                "sha256:f84146f7864339c8addf2c2b9903271df21d18d2c721e9a77f779493234a82b5"
            ],
            "index": "pypi",
            "version": "==1.0.2"
        }
    },
    "develop": {}
}
